{
  "name": "canvasmidi",
  "version": "1.0.0",
  "lockfileVersion": 1,
  "requires": true,
  "dependencies": {
    "@babel/runtime": {
      "version": "7.10.3",
      "resolved": "https://registry.npmjs.org/@babel/runtime/-/runtime-7.10.3.tgz",
      "integrity": "sha512-RzGO0RLSdokm9Ipe/YD+7ww8X2Ro79qiXZF3HU9ljrM+qnJmH1Vqth+hbiQZy761LnMJTMitHDuKVYTk3k4dLw==",
      "requires": {
        "regenerator-runtime": "^0.13.4"
      }
    },
    "broker-factory": {
      "version": "3.0.16",
      "resolved": "https://registry.npmjs.org/broker-factory/-/broker-factory-3.0.16.tgz",
      "integrity": "sha512-0+l2fXN/fSnv38se+kf38UrFctOKTxSDXmps6VyJ4omu9Y1qJAhzvdYUE0HJ16PYhyu2max95LlhgFgMd80VVg==",
      "requires": {
        "@babel/runtime": "^7.10.3",
        "fast-unique-numbers": "^5.0.12",
        "tslib": "^2.0.0",
        "worker-factory": "^6.0.14"
      }
    },
    "compilerr": {
      "version": "8.0.13",
      "resolved": "https://registry.npmjs.org/compilerr/-/compilerr-8.0.13.tgz",
      "integrity": "sha512-NPSEJ6+DbPCcS7fjAd8/SkZITQHLV0Zz2BF3O83YTRymMolwqRXwBsucpoHuFAwciMgdClaG9/eIB2oJyYb6nA==",
      "requires": {
        "@babel/runtime": "^7.10.3",
        "dashify": "^2.0.0",
        "indefinite-article": "0.0.2",
        "tslib": "^2.0.0"
      }
    },
    "dashify": {
      "version": "2.0.0",
      "resolved": "https://registry.npmjs.org/dashify/-/dashify-2.0.0.tgz",
      "integrity": "sha512-hpA5C/YrPjucXypHPPc0oJ1l9Hf6wWbiOL7Ik42cxnsUOhWiCB/fylKbKqqJalW9FgkNQCw16YO8uW9Hs0Iy1A=="
    },
    "fast-unique-numbers": {
      "version": "5.0.12",
      "resolved": "https://registry.npmjs.org/fast-unique-numbers/-/fast-unique-numbers-5.0.12.tgz",
      "integrity": "sha512-PpCfc/l2vCzVWRxZ1fzJXaRL7aFR+L6HVj8spk478yTbqEiQB2Fva2IBawvNG3Im7gSA+9SorZ5Ehg60ljVaKg==",
      "requires": {
        "@babel/runtime": "^7.10.3",
        "tslib": "^2.0.0"
      }
    },
    "indefinite-article": {
      "version": "0.0.2",
      "resolved": "https://registry.npmjs.org/indefinite-article/-/indefinite-article-0.0.2.tgz",
      "integrity": "sha1-S8hVJXBmz6th6mi+unXRANbiUGs="
    },
    "midi-json-parser": {
      "version": "8.0.4",
      "resolved": "https://registry.npmjs.org/midi-json-parser/-/midi-json-parser-8.0.4.tgz",
      "integrity": "sha512-4Z/innaXgpQZhcKowmtfBqL1zdC5ZlBqt0/hBKThstEgMoDlUPWBk2fj73bkyUm4ffJXnWb9OjvPknyiiv6Lzw==",
      "requires": {
        "@babel/runtime": "^7.10.3",
        "midi-json-parser-broker": "^4.0.17",
        "midi-json-parser-worker": "^8.0.4",
        "tslib": "^2.0.0"
      }
    },
    "midi-json-parser-broker": {
      "version": "4.0.17",
      "resolved": "https://registry.npmjs.org/midi-json-parser-broker/-/midi-json-parser-broker-4.0.17.tgz",
      "integrity": "sha512-q7L5KAabrhm6qaw8N/CUO+Vuo5QX9L8RYhL8C7o/Ch5mxfWcEVYSKJNMqJVrzy5uLlSen3hXUqXbUkcei/PLRg==",
      "requires": {
        "@babel/runtime": "^7.10.3",
        "broker-factory": "^3.0.16",
        "midi-json-parser-worker": "^8.0.4",
        "tslib": "^2.0.0"
      }
    },
    "midi-json-parser-worker": {
      "version": "8.0.4",
      "resolved": "https://registry.npmjs.org/midi-json-parser-worker/-/midi-json-parser-worker-8.0.4.tgz",
      "integrity": "sha512-pPo9l5Dmd6KZxrS7JAJrLuON33Ay3xtaT1CPgc9d0jV/uRaQ8FpagAdzgGjMV85IcFNqZyedsKXJ627lAy5uvA==",
      "requires": {
        "@babel/runtime": "^7.10.3",
        "tslib": "^2.0.0",
        "worker-factory": "^6.0.14"
      }
    },
    "regenerator-runtime": {
      "version": "0.13.5",
      "resolved": "https://registry.npmjs.org/regenerator-runtime/-/regenerator-runtime-0.13.5.tgz",
      "integrity": "sha512-ZS5w8CpKFinUzOwW3c83oPeVXoNsrLsaCoLtJvAClH135j/R77RuymhiSErhm2lKcwSCIpmvIWSbDkIfAqKQlA=="
    },
    "tslib": {
      "version": "2.0.0",
      "resolved": "https://registry.npmjs.org/tslib/-/tslib-2.0.0.tgz",
      "integrity": "sha512-lTqkx847PI7xEDYJntxZH89L2/aXInsyF2luSafe/+0fHOMjlBNXdH6th7f70qxLDhul7KZK0zC8V5ZIyHl0/g=="
    },
    "worker-factory": {
      "version": "6.0.14",
      "resolved": "https://registry.npmjs.org/worker-factory/-/worker-factory-6.0.14.tgz",
      "integrity": "sha512-WlmmIoJJUhmx8Cz2eC9t16e/QuDG9KPgPM5s2l4vE8JEFik9ZrdhzxoLQC9CsgeZ/4bEsJHbRqy2tFkrDq0efA==",
      "requires": {
        "@babel/runtime": "^7.10.3",
        "compilerr": "^8.0.13",
        "fast-unique-numbers": "^5.0.12",
        "tslib": "^2.0.0"
      }
    }
  }
}
